
Microsoft Visual Studio Solution File, Format Version 12.00
# Visual Studio Version 17
VisualStudioVersion = 17.13.35931.197 d17.13
MinimumVisualStudioVersion = 10.0.40219.1
Project("{FAE04EC0-301F-11D3-BF4B-00C04F79EFBC}") = "doseHunter", "doseHunter.csproj", "{212AF853-1C0C-4640-896C-A37073DF323F}"
EndProject
Global
	GlobalSection(SolutionConfigurationPlatforms) = preSolution
		Debug|x64 = Debug|x64
		Release|x64 = Release|x64
	EndGlobalSection
	GlobalSection(ProjectConfigurationPlatforms) = postSolution
		{212AF853-1C0C-4640-896C-A37073DF323F}.Debug|x64.ActiveCfg = Debug|x64
		{212AF853-1C0C-4640-896C-A37073DF323F}.Debug|x64.Build.0 = Debug|x64
		{212AF853-1C0C-4640-896C-A37073DF323F}.Release|x64.ActiveCfg = Release|x64
		{212AF853-1C0C-4640-896C-A37073DF323F}.Release|x64.Build.0 = Release|x64
	EndGlobalSection
	GlobalSection(SolutionProperties) = preSolution
		HideSolutionNode = FALSE
	EndGlobalSection
	GlobalSection(ExtensibilityGlobals) = postSolution
		SolutionGuid = {75E282E2-C7D8-4F6B-A2C3-E573A5F4298E}
	EndGlobalSection
EndGlobal
